{
  "version": "3",
  "packages": {
    "specifiers": {
      "jsr:@std/cli@^1.0.3": "jsr:@std/cli@1.0.3",
      "jsr:@std/encoding@^1.0.1": "jsr:@std/encoding@1.0.1",
      "jsr:@std/fmt@^1.0.0": "jsr:@std/fmt@1.0.0",
      "jsr:@std/http@^1.0.2": "jsr:@std/http@1.0.2",
      "jsr:@std/media-types@^1.0.2": "jsr:@std/media-types@1.0.2",
      "jsr:@std/net@^1.0.0": "jsr:@std/net@1.0.0",
      "jsr:@std/path@^1.0.2": "jsr:@std/path@1.0.2",
      "jsr:@std/streams@^1.0.1": "jsr:@std/streams@1.0.1",
      "jsr:@std/ulid@^1.0.0": "jsr:@std/ulid@1.0.0",
      "npm:@types/node": "npm:@types/node@18.16.19",
      "npm:cbor-x@^1.6.0": "npm:cbor-x@1.6.0",
      "npm:preact-render-to-string@^6.4.2": "npm:preact-render-to-string@6.5.7_preact@10.19.3",
      "npm:preact@^10.22.0": "npm:preact@10.23.1"
    },
    "jsr": {
      "@std/cli@1.0.3": {
        "integrity": "9a0488b5d2e58d29dce106a941eecec7181fae996bf0d2225563f1ca7e4b100c"
      },
      "@std/encoding@1.0.1": {
        "integrity": "5955c6c542ebb4ce6587c3b548dc71e07a6c27614f1976d1d3887b1196cf4e65"
      },
      "@std/fmt@1.0.0": {
        "integrity": "8a95c9fdbb61559418ccbc0f536080cf43341655e1444f9d375a66886ceaaa3d"
      },
      "@std/http@1.0.2": {
        "integrity": "e28d612e2b5e0a40704e8c64d9a5d55cf8c6accf6d798cd1cfb43aad02d1e4fe",
        "dependencies": [
          "jsr:@std/cli@^1.0.3",
          "jsr:@std/encoding@^1.0.1",
          "jsr:@std/fmt@^1.0.0",
          "jsr:@std/media-types@^1.0.2",
          "jsr:@std/net@^1.0.0",
          "jsr:@std/path@^1.0.2",
          "jsr:@std/streams@^1.0.1"
        ]
      },
      "@std/media-types@1.0.2": {
        "integrity": "abb78dc8f7d88141cba8c4d60fc1e8b421e5c7b0d7c84f2f708bc666cad46784"
      },
      "@std/net@1.0.0": {
        "integrity": "31de7a45f074edee8296d77fde85fef53fed9baa6f3122a38d796af08ecb3fc9"
      },
      "@std/path@1.0.2": {
        "integrity": "a452174603f8c620bd278a380c596437a9eef50c891c64b85812f735245d9ec7"
      },
      "@std/streams@1.0.1": {
        "integrity": "b07008b83fd7ae08965920d0fd700e07caf233bdd81e0ef1c8cca6c4140da364"
      },
      "@std/ulid@1.0.0": {
        "integrity": "d41c3d27a907714413649fee864b7cde8d42ee68437d22b79d5de4f81d808780"
      }
    },
    "npm": {
      "@cbor-extract/cbor-extract-darwin-arm64@2.2.0": {
        "integrity": "sha512-P7swiOAdF7aSi0H+tHtHtr6zrpF3aAq/W9FXx5HektRvLTM2O89xCyXF3pk7pLc7QpaY7AoaE8UowVf9QBdh3w==",
        "dependencies": {}
      },
      "@cbor-extract/cbor-extract-darwin-x64@2.2.0": {
        "integrity": "sha512-1liF6fgowph0JxBbYnAS7ZlqNYLf000Qnj4KjqPNW4GViKrEql2MgZnAsExhY9LSy8dnvA4C0qHEBgPrll0z0w==",
        "dependencies": {}
      },
      "@cbor-extract/cbor-extract-linux-arm64@2.2.0": {
        "integrity": "sha512-rQvhNmDuhjTVXSPFLolmQ47/ydGOFXtbR7+wgkSY0bdOxCFept1hvg59uiLPT2fVDuJFuEy16EImo5tE2x3RsQ==",
        "dependencies": {}
      },
      "@cbor-extract/cbor-extract-linux-arm@2.2.0": {
        "integrity": "sha512-QeBcBXk964zOytiedMPQNZr7sg0TNavZeuUCD6ON4vEOU/25+pLhNN6EDIKJ9VLTKaZ7K7EaAriyYQ1NQ05s/Q==",
        "dependencies": {}
      },
      "@cbor-extract/cbor-extract-linux-x64@2.2.0": {
        "integrity": "sha512-cWLAWtT3kNLHSvP4RKDzSTX9o0wvQEEAj4SKvhWuOVZxiDAeQazr9A+PSiRILK1VYMLeDml89ohxCnUNQNQNCw==",
        "dependencies": {}
      },
      "@cbor-extract/cbor-extract-win32-x64@2.2.0": {
        "integrity": "sha512-l2M+Z8DO2vbvADOBNLbbh9y5ST1RY5sqkWOg/58GkUPBYou/cuNZ68SGQ644f1CvZ8kcOxyZtw06+dxWHIoN/w==",
        "dependencies": {}
      },
      "@types/node@18.16.19": {
        "integrity": "sha512-IXl7o+R9iti9eBW4Wg2hx1xQDig183jj7YLn8F7udNceyfkbn1ZxmzZXuak20gR40D7pIkIY1kYGx5VIGbaHKA==",
        "dependencies": {}
      },
      "cbor-extract@2.2.0": {
        "integrity": "sha512-Ig1zM66BjLfTXpNgKpvBePq271BPOvu8MR0Jl080yG7Jsl+wAZunfrwiwA+9ruzm/WEdIV5QF/bjDZTqyAIVHA==",
        "dependencies": {
          "@cbor-extract/cbor-extract-darwin-arm64": "@cbor-extract/cbor-extract-darwin-arm64@2.2.0",
          "@cbor-extract/cbor-extract-darwin-x64": "@cbor-extract/cbor-extract-darwin-x64@2.2.0",
          "@cbor-extract/cbor-extract-linux-arm": "@cbor-extract/cbor-extract-linux-arm@2.2.0",
          "@cbor-extract/cbor-extract-linux-arm64": "@cbor-extract/cbor-extract-linux-arm64@2.2.0",
          "@cbor-extract/cbor-extract-linux-x64": "@cbor-extract/cbor-extract-linux-x64@2.2.0",
          "@cbor-extract/cbor-extract-win32-x64": "@cbor-extract/cbor-extract-win32-x64@2.2.0",
          "node-gyp-build-optional-packages": "node-gyp-build-optional-packages@5.1.1"
        }
      },
      "cbor-x@1.6.0": {
        "integrity": "sha512-0kareyRwHSkL6ws5VXHEf8uY1liitysCVJjlmhaLG+IXLqhSaOO+t63coaso7yjwEzWZzLy8fJo06gZDVQM9Qg==",
        "dependencies": {
          "cbor-extract": "cbor-extract@2.2.0"
        }
      },
      "detect-libc@2.0.2": {
        "integrity": "sha512-UX6sGumvvqSaXgdKGUsgZWqcUyIXZ/vZTrlRT/iobiKhGL0zL4d3osHj3uqllWJK+i+sixDS/3COVEOFbupFyw==",
        "dependencies": {}
      },
      "node-gyp-build-optional-packages@5.1.1": {
        "integrity": "sha512-+P72GAjVAbTxjjwUmwjVrqrdZROD4nf8KgpBoDxqXXTiYZZt/ud60dE5yvCSr9lRO8e8yv6kgJIC0K0PfZFVQw==",
        "dependencies": {
          "detect-libc": "detect-libc@2.0.2"
        }
      },
      "preact-render-to-string@6.5.7_preact@10.19.3": {
        "integrity": "sha512-nACZDdv/ZZciuldVYMcfGqr61DKJeaAfPx96hn6OXoBGhgtU2yGQkA0EpTzWH4SvnwF0syLsL4WK7AIp3Ruc1g==",
        "dependencies": {
          "preact": "preact@10.19.3"
        }
      },
      "preact@10.19.3": {
        "integrity": "sha512-nHHTeFVBTHRGxJXKkKu5hT8C/YWBkPso4/Gad6xuj5dbptt9iF9NZr9pHbPhBrnT2klheu7mHTxTZ/LjwJiEiQ==",
        "dependencies": {}
      },
      "preact@10.23.1": {
        "integrity": "sha512-O5UdRsNh4vdZaTieWe3XOgSpdMAmkIYBCT3VhQDlKrzyCm8lUYsk0fmVEvoQQifoOjFRTaHZO69ylrzTW2BH+A==",
        "dependencies": {}
      }
    }
  },
  "redirects": {
    "https://esm.sh/preact/jsx-runtime": "https://esm.sh/preact@10.22.0/jsx-runtime"
  },
  "remote": {
    "https://cdn.skypack.dev/-/preact-render-to-string@v5.1.12-bxVngfUvIHzdneYL1ENU/dist=es2019,mode=imports/optimized/preact-render-to-string.js": "4c39d922d84b828cd531e9ff8f48db9ee5aca58afac6b30d705a594037aee241",
    "https://cdn.skypack.dev/-/preact@v10.9.0-sxzybx7sBosD3fXpfbt3/dist=es2019,mode=imports/optimized/preact.js": "e66dc0378907870a2230ec2e087214c1ec7678150220412f8438f918744b2ecc",
    "https://cdn.skypack.dev/preact-render-to-string@v5.1.12": "efe649e5d99870f8cf2802857b16cf62a14ce799e3bc1ba9ea3e102efb218f58",
    "https://esm.sh/preact@10.22.0/jsx-runtime": "c6185b52c1673f9d309dd6046051e9b6c034f14858bef62ea2a9fe9ef1ea2201",
    "https://esm.sh/stable/preact@10.22.0/denonext/jsx-runtime.js": "de60943799b1cbe6066c4f83f4ca71ef37011d7f5be7bef58ed980e8ff3f996a",
    "https://esm.sh/stable/preact@10.22.0/denonext/preact.mjs": "20c9563e051dd66e053d3afb450f61b48f2fa0d0ce4f69f8f0a2f23c1ef090da",
    "https://esm.sh/stable/preact@10.22.0/denonext/src.js": "8674e09926d897489892eae52e43d0ce884adbadc31b3042817fdba381241be1",
    "https://esm.sh/v128/preact@10.22.0/src/index.js": "563764be8932b6b9526f92768de869b17d6ad66f189aa16ddccb343bd600ea34"
  },
  "workspace": {
    "dependencies": [
      "jsr:@std/http@^1.0.2",
      "jsr:@std/ulid@^1.0.0",
      "npm:cbor-x@^1.6.0",
      "npm:preact-render-to-string@^6.4.2",
      "npm:preact@^10.22.0"
    ]
  }
}
